
Microsoft Visual Studio Solution File, Format Version 12.00
# Visual Studio Version 17
VisualStudioVersion = 17.11.35222.181
MinimumVisualStudioVersion = 10.0.40219.1
Project("{FAE04EC0-301F-11D3-BF4B-00C04F79EFBC}") = "Shop", "Shop\Shop.csproj", "{B4E837EF-D43A-40A8-AB08-51824631509D}"
EndProject
Global
	GlobalSection(SolutionConfigurationPlatforms) = preSolution
		Debug|Any CPU = Debug|Any CPU
		Release|Any CPU = Release|Any CPU
	EndGlobalSection
	GlobalSection(ProjectConfigurationPlatforms) = postSolution
		{B4E837EF-D43A-40A8-AB08-51824631509D}.Debug|Any CPU.ActiveCfg = Debug|Any CPU
		{B4E837EF-D43A-40A8-AB08-51824631509D}.Debug|Any CPU.Build.0 = Debug|Any CPU
		{B4E837EF-D43A-40A8-AB08-51824631509D}.Release|Any CPU.ActiveCfg = Release|Any CPU
		{B4E837EF-D43A-40A8-AB08-51824631509D}.Release|Any CPU.Build.0 = Release|Any CPU
	EndGlobalSection
	GlobalSection(SolutionProperties) = preSolution
		HideSolutionNode = FALSE
	EndGlobalSection
	GlobalSection(ExtensibilityGlobals) = postSolution
		SolutionGuid = {F8CF8A5A-AEE5-4F74-B57E-297AD8E8F4FE}
	EndGlobalSection
EndGlobal
